// !$*UTF8*$!
{
	archiveVersion = 1;
	classes = {
	};
	objectVersion = 46;
	objects = {

/* Begin PBXBuildFile section */
		3DE065E61CDE6DD600891A66 /* AppDelegate.swift in Sources */ = {isa = PBXBuildFile; fileRef = 3DE065E51CDE6DD600891A66 /* AppDelegate.swift */; };
		3DE065E81CDE6DD600891A66 /* MasterViewController.swift in Sources */ = {isa = PBXBuildFile; fileRef = 3DE065E71CDE6DD600891A66 /* MasterViewController.swift */; };
		3DE065EA1CDE6DD600891A66 /* DetailViewController.swift in Sources */ = {isa = PBXBuildFile; fileRef = 3DE065E91CDE6DD600891A66 /* DetailViewController.swift */; };
		3DE065ED1CDE6DD600891A66 /* Main.storyboard in Resources */ = {isa = PBXBuildFile; fileRef = 3DE065EB1CDE6DD600891A66 /* Main.storyboard */; };
		3DE065EF1CDE6DD600891A66 /* Assets.xcassets in Resources */ = {isa = PBXBuildFile; fileRef = 3DE065EE1CDE6DD600891A66 /* Assets.xcassets */; };
		3DE065F21CDE6DD600891A66 /* LaunchScreen.storyboard in Resources */ = {isa = PBXBuildFile; fileRef = 3DE065F01CDE6DD600891A66 /* LaunchScreen.storyboard */; };
		3DE065FA1CDE705100891A66 /* SpriteKit.framework in Frameworks */ = {isa = PBXBuildFile; fileRef = 3DE065F91CDE705100891A66 /* SpriteKit.framework */; };
		3DE065FC1CDE70B400891A66 /* CannonViewController.swift in Sources */ = {isa = PBXBuildFile; fileRef = 3DE065FB1CDE70B400891A66 /* CannonViewController.swift */; };
/* End PBXBuildFile section */

/* Begin PBXFileReference section */
		3DE065E21CDE6DD200891A66 /* Physics Phun.app */ = {isa = PBXFileReference; explicitFileType = wrapper.application; includeInIndex = 0; path = "Physics Phun.app"; sourceTree = BUILT_PRODUCTS_DIR; };
		3DE065E51CDE6DD600891A66 /* AppDelegate.swift */ = {isa = PBXFileReference; lastKnownFileType = sourcecode.swift; path = AppDelegate.swift; sourceTree = "<group>"; };
		3DE065E71CDE6DD600891A66 /* MasterViewController.swift */ = {isa = PBXFileReference; lastKnownFileType = sourcecode.swift; path = MasterViewController.swift; sourceTree = "<group>"; };
		3DE065E91CDE6DD600891A66 /* DetailViewController.swift */ = {isa = PBXFileReference; lastKnownFileType = sourcecode.swift; path = DetailViewController.swift; sourceTree = "<group>"; };
		3DE065EC1CDE6DD600891A66 /* Base */ = {isa = PBXFileReference; lastKnownFileType = file.storyboard; name = Base; path = Base.lproj/Main.storyboard; sourceTree = "<group>"; };
		3DE065EE1CDE6DD600891A66 /* Assets.xcassets */ = {isa = PBXFileReference; lastKnownFileType = folder.assetcatalog; path = Assets.xcassets; sourceTree = "<group>"; };
		3DE065F11CDE6DD600891A66 /* Base */ = {isa = PBXFileReference; lastKnownFileType = file.storyboard; name = Base; path = Base.lproj/LaunchScreen.storyboard; sourceTree = "<group>"; };
		3DE065F31CDE6DD600891A66 /* Info.plist */ = {isa = PBXFileReference; lastKnownFileType = text.plist.xml; path = Info.plist; sourceTree = "<group>"; };
		3DE065F91CDE705100891A66 /* SpriteKit.framework */ = {isa = PBXFileReference; lastKnownFileType = wrapper.framework; name = SpriteKit.framework; path = System/Library/Frameworks/SpriteKit.framework; sourceTree = SDKROOT; };
		3DE065FB1CDE70B400891A66 /* CannonViewController.swift */ = {isa = PBXFileReference; fileEncoding = 4; lastKnownFileType = sourcecode.swift; path = CannonViewController.swift; sourceTree = "<group>"; };
/* End PBXFileReference section */

/* Begin PBXFrameworksBuildPhase section */
		3DE065DF1CDE6DD200891A66 /* Frameworks */ = {
			isa = PBXFrameworksBuildPhase;
			buildActionMask = 2147483647;
			files = (
				3DE065FA1CDE705100891A66 /* SpriteKit.framework in Frameworks */,
			);
			runOnlyForDeploymentPostprocessing = 0;
		};
/* End PBXFrameworksBuildPhase section */

/* Begin PBXGroup section */
		3DE065D91CDE6DD200891A66 = {
			isa = PBXGroup;
			children = (
				3DE065F91CDE705100891A66 /* SpriteKit.framework */,
				3DE065E41CDE6DD500891A66 /* Physics Phun */,
				3DE065E31CDE6DD200891A66 /* Products */,
			);
			sourceTree = "<group>";
		};
		3DE065E31CDE6DD200891A66 /* Products */ = {
			isa = PBXGroup;
			children = (
				3DE065E21CDE6DD200891A66 /* Physics Phun.app */,
			);
			name = Products;
			sourceTree = "<group>";
		};
		3DE065E41CDE6DD500891A66 /* Physics Phun */ = {
			isa = PBXGroup;
			children = (
				3DE065E51CDE6DD600891A66 /* AppDelegate.swift */,
				3DE065E71CDE6DD600891A66 /* MasterViewController.swift */,
				3DE065E91CDE6DD600891A66 /* DetailViewController.swift */,
				3DE065FB1CDE70B400891A66 /* CannonViewController.swift */,
				3DE065EB1CDE6DD600891A66 /* Main.storyboard */,
				3DE065EE1CDE6DD600891A66 /* Assets.xcassets */,
				3DE065F01CDE6DD600891A66 /* LaunchScreen.storyboard */,
				3DE065F31CDE6DD600891A66 /* Info.plist */,
			);
			path = "Physics Phun";
			sourceTree = "<group>";
		};
/* End PBXGroup section */

/* Begin PBXNativeTarget section */
		3DE065E11CDE6DD200891A66 /* Physics Phun */ = {
			isa = PBXNativeTarget;
			buildConfigurationList = 3DE065F61CDE6DD600891A66 /* Build configuration list for PBXNativeTarget "Physics Phun" */;
			buildPhases = (
				3DE065DE1CDE6DD200891A66 /* Sources */,
				3DE065E01CDE6DD200891A66 /* Resources */,
				3DE065DF1CDE6DD200891A66 /* Frameworks */,
			);
			buildRules = (
			);
			dependencies = (
			);
			name = "Physics Phun";
			productName = "Physics Phun";
			productReference = 3DE065E21CDE6DD200891A66 /* Physics Phun.app */;
			productType = "com.apple.product-type.application";
		};
/* End PBXNativeTarget section */

/* Begin PBXProject section */
		3DE065DA1CDE6DD200891A66 /* Project object */ = {
			isa = PBXProject;
			attributes = {
				LastSwiftUpdateCheck = 0730;
				LastUpgradeCheck = 0730;
				ORGANIZATIONNAME = omaralejel;
				TargetAttributes = {
					3DE065E11CDE6DD200891A66 = {
						CreatedOnToolsVersion = 7.3.1;
						DevelopmentTeam = FNU3YT2Q2N;
					};
				};
			};
			buildConfigurationList = 3DE065DD1CDE6DD200891A66 /* Build configuration list for PBXProject "Physics Phun" */;
			compatibilityVersion = "Xcode 3.2";
			developmentRegion = English;
			hasScannedForEncodings = 0;
			knownRegions = (
				en,
				Base,
			);
			mainGroup = 3DE065D91CDE6DD200891A66;
			productRefGroup = 3DE065E31CDE6DD200891A66 /* Products */;
			projectDirPath = "";
			projectRoot = "";
			targets = (
				3DE065E11CDE6DD200891A66 /* Physics Phun */,
			);
		};
/* End PBXProject section */

/* Begin PBXResourcesBuildPhase section */
		3DE065E01CDE6DD200891A66 /* Resources */ = {
			isa = PBXResourcesBuildPhase;
			buildActionMask = 2147483647;
			files = (
				3DE065F21CDE6DD600891A66 /* LaunchScreen.storyboard in Resources */,
				3DE065EF1CDE6DD600891A66 /* Assets.xcassets in Resources */,
				3DE065ED1CDE6DD600891A66 /* Main.storyboard in Resources */,
			);
			runOnlyForDeploymentPostprocessing = 0;
		};
/* End PBXResourcesBuildPhase section */

/* Begin PBXSourcesBuildPhase section */
		3DE065DE1CDE6DD200891A66 /* Sources */ = {
			isa = PBXSourcesBuildPhase;
			buildActionMask = 2147483647;
			files = (
				3DE065EA1CDE6DD600891A66 /* DetailViewController.swift in Sources */,
				3DE065FC1CDE70B400891A66 /* CannonViewController.swift in Sources */,
				3DE065E81CDE6DD600891A66 /* MasterViewController.swift in Sources */,
				3DE065E61CDE6DD600891A66 /* AppDelegate.swift in Sources */,
			);
			runOnlyForDeploymentPostprocessing = 0;
		};
/* End PBXSourcesBuildPhase section */

/* Begin PBXVariantGroup section */
		3DE065EB1CDE6DD600891A66 /* Main.storyboard */ = {
			isa = PBXVariantGroup;
			children = (
				3DE065EC1CDE6DD600891A66 /* Base */,
			);
			name = Main.storyboard;
			sourceTree = "<group>";
		};
		3DE065F01CDE6DD600891A66 /* LaunchScreen.storyboard */ = {
			isa = PBXVariantGroup;
			children = (
				3DE065F11CDE6DD600891A66 /* Base */,
			);
			name = LaunchScreen.storyboard;
			sourceTree = "<group>";
		};
/* End PBXVariantGroup section */

/* Begin XCBuildConfiguration section */
		3DE065F41CDE6DD600891A66 /* Debug */ = {
			isa = XCBuildConfiguration;
			buildSettings = {
				ALWAYS_SEARCH_USER_PATHS = NO;
				CLANG_ANALYZER_NONNULL = YES;
				CLANG_CXX_LANGUAGE_STANDARD = "gnu++0x";
				CLANG_CXX_LIBRARY = "libc++";
				CLANG_ENABLE_MODULES = YES;
				CLANG_ENABLE_OBJC_ARC = YES;
				CLANG_WARN_BOOL_CONVERSION = YES;
				CLANG_WARN_CONSTANT_CONVERSION = YES;
				CLANG_WARN_DIRECT_OBJC_ISA_USAGE = YES_ERROR;
				CLANG_WARN_EMPTY_BODY = YES;
				CLANG_WARN_ENUM_CONVERSION = YES;
				CLANG_WARN_INT_CONVERSION = YES;
				CLANG_WARN_OBJC_ROOT_CLASS = YES_ERROR;
				CLANG_WARN_UNREACHABLE_CODE = YES;
				CLANG_WARN__DUPLICATE_METHOD_MATCH = YES;
				"CODE_SIGN_IDENTITY[sdk=iphoneos*]" = "iPhone Developer";
				COPY_PHASE_STRIP = NO;
				DEBUG_INFORMATION_FORMAT = dwarf;
				ENABLE_STRICT_OBJC_MSGSEND = YES;
				ENABLE_TESTABILITY = YES;
				GCC_C_LANGUAGE_STANDARD = gnu99;
				GCC_DYNAMIC_NO_PIC = NO;
				GCC_NO_COMMON_BLOCKS = YES;
				GCC_OPTIMIZATION_LEVEL = 0;
				GCC_PREPROCESSOR_DEFINITIONS = (
					"DEBUG=1",
					"$(inherited)",
				);
				GCC_WARN_64_TO_32_BIT_CONVERSION = YES;
				GCC_WARN_ABOUT_RETURN_TYPE = YES_ERROR;
				GCC_WARN_UNDECLARED_SELECTOR = YES;
				GCC_WARN_UNINITIALIZED_AUTOS = YES_AGGRESSIVE;
				GCC_WARN_UNUSED_FUNCTION = YES;
				GCC_WARN_UNUSED_VARIABLE = YES;
				IPHONEOS_DEPLOYMENT_TARGET = 9.3;
				MTL_ENABLE_DEBUG_INFO = YES;
				ONLY_ACTIVE_ARCH = YES;
				SDKROOT = iphoneos;
				SWIFT_OPTIMIZATION_LEVEL = "-Onone";
			};
			name = Debug;
		};
		3DE065F51CDE6DD600891A66 /* Release */ = {
			isa = XCBuildConfiguration;
			buildSettings = {
				ALWAYS_SEARCH_USER_PATHS = NO;
				CLANG_ANALYZER_NONNULL = YES;
				CLANG_CXX_LANGUAGE_STANDARD = "gnu++0x";
				CLANG_CXX_LIBRARY = "libc++";
				CLANG_ENABLE_MODULES = YES;
				CLANG_ENABLE_OBJC_ARC = YES;
				CLANG_WARN_BOOL_CONVERSION = YES;
				CLANG_WARN_CONSTANT_CONVERSION = YES;
				CLANG_WARN_DIRECT_OBJC_ISA_USAGE = YES_ERROR;
				CLANG_WARN_EMPTY_BODY = YES;
				CLANG_WARN_ENUM_CONVERSION = YES;
				CLANG_WARN_INT_CONVERSION = YES;
				CLANG_WARN_OBJC_ROOT_CLASS = YES_ERROR;
				CLANG_WARN_UNREACHABLE_CODE = YES;
				CLANG_WARN__DUPLICATE_METHOD_MATCH = YES;
				"CODE_SIGN_IDENTITY[sdk=iphoneos*]" = "iPhone Developer";
				COPY_PHASE_STRIP = NO;
				DEBUG_INFORMATION_FORMAT = "dwarf-with-dsym";
				ENABLE_NS_ASSERTIONS = NO;
				ENABLE_STRICT_OBJC_MSGSEND = YES;
				GCC_C_LANGUAGE_STANDARD = gnu99;
				GCC_NO_COMMON_BLOCKS = YES;
				GCC_WARN_64_TO_32_BIT_CONVERSION = YES;
				GCC_WARN_ABOUT_RETURN_TYPE = YES_ERROR;
				GCC_WARN_UNDECLARED_SELECTOR = YES;
				GCC_WARN_UNINITIALIZED_AUTOS = YES_AGGRESSIVE;
				GCC_WARN_UNUSED_FUNCTION = YES;
				GCC_WARN_UNUSED_VARIABLE = YES;
				IPHONEOS_DEPLOYMENT_TARGET = 9.3;
				MTL_ENABLE_DEBUG_INFO = NO;
				SDKROOT = iphoneos;
				VALIDATE_PRODUCT = YES;
			};
			name = Release;
		};
		3DE065F71CDE6DD600891A66 /* Debug */ = {
			isa = XCBuildConfiguration;
			buildSettings = {
				ASSETCATALOG_COMPILER_APPICON_NAME = AppIcon;
				CODE_SIGN_IDENTITY = "iPhone Developer";
				INFOPLIST_FILE = "Physics Phun/Info.plist";
				LD_RUNPATH_SEARCH_PATHS = "$(inherited) @executable_path/Frameworks";
				PRODUCT_BUNDLE_IDENTIFIER = "omaralejel.Physics-Phun";
				PRODUCT_NAME = "$(TARGET_NAME)";
			};
			name = Debug;
		};
		3DE065F81CDE6DD600891A66 /* Release */ = {
			isa = XCBuildConfiguration;
			buildSettings = {
				ASSETCATALOG_COMPILER_APPICON_NAME = AppIcon;
				CODE_SIGN_IDENTITY = "iPhone Developer";
				INFOPLIST_FILE = "Physics Phun/Info.plist";
				LD_RUNPATH_SEARCH_PATHS = "$(inherited) @executable_path/Frameworks";
				PRODUCT_BUNDLE_IDENTIFIER = "omaralejel.Physics-Phun";
				PRODUCT_NAME = "$(TARGET_NAME)";
			};
			name = Release;
		};
/* End XCBuildConfiguration section */

/* Begin XCConfigurationList section */
		3DE065DD1CDE6DD200891A66 /* Build configuration list for PBXProject "Physics Phun" */ = {
			isa = XCConfigurationList;
			buildConfigurations = (
				3DE065F41CDE6DD600891A66 /* Debug */,
				3DE065F51CDE6DD600891A66 /* Release */,
			);
			defaultConfigurationIsVisible = 0;
			defaultConfigurationName = Release;
		};
		3DE065F61CDE6DD600891A66 /* Build configuration list for PBXNativeTarget "Physics Phun" */ = {
			isa = XCConfigurationList;
			buildConfigurations = (
				3DE065F71CDE6DD600891A66 /* Debug */,
				3DE065F81CDE6DD600891A66 /* Release */,
			);
			defaultConfigurationIsVisible = 0;
		};
/* End XCConfigurationList section */
	};
	rootObject = 3DE065DA1CDE6DD200891A66 /* Project object */;
}
