// !$*UTF8*$!
{
	archiveVersion = 1;
	classes = {
	};
	objectVersion = 46;
	objects = {

/* Begin PBXBuildFile section */
		3D03554A1D4E6CF000DD20AE /* Resistance in a Wire_exp@2x.png in Resources */ = {isa = PBXBuildFile; fileRef = 3D08424F1D47BF9800F80155 /* Resistance in a Wire_exp@2x.png */; };
		3D0842521D47BF9800F80155 /* Air Box_exp@2x.png in Resources */ = {isa = PBXBuildFile; fileRef = 3D0842501D47BF9800F80155 /* Air Box_exp@2x.png */; };
		3D0842541D47C02100F80155 /* Circuit VIRP_exp@2x.png in Resources */ = {isa = PBXBuildFile; fileRef = 3D0842531D47C02100F80155 /* Circuit VIRP_exp@2x.png */; };
		3D2030F31D41646800C4C3BC /* The Flying Donut_exp@2x.png in Resources */ = {isa = PBXBuildFile; fileRef = 3D2030F21D41646800C4C3BC /* The Flying Donut_exp@2x.png */; };
		3D2030F61D41B20700C4C3BC /* DonutPhsyicsController.swift in Sources */ = {isa = PBXBuildFile; fileRef = 3D2030F51D41B20700C4C3BC /* DonutPhsyicsController.swift */; };
		3D2030F81D41B20E00C4C3BC /* DonutScene.swift in Sources */ = {isa = PBXBuildFile; fileRef = 3D2030F71D41B20E00C4C3BC /* DonutScene.swift */; };
		3D2030FA1D41B21200C4C3BC /* DonutPhsyicsController.xib in Resources */ = {isa = PBXBuildFile; fileRef = 3D2030F91D41B21200C4C3BC /* DonutPhsyicsController.xib */; };
		3D2030FC1D41BE3400C4C3BC /* DirectionControlView.swift in Sources */ = {isa = PBXBuildFile; fileRef = 3D2030FB1D41BE3400C4C3BC /* DirectionControlView.swift */; };
		3D26BAF71CFA025A00B61EB2 /* CannonScene.swift in Sources */ = {isa = PBXBuildFile; fileRef = 3D26BAF21CFA025A00B61EB2 /* CannonScene.swift */; };
		3D26BAF81CFA025A00B61EB2 /* CannonPhsyicsController.swift in Sources */ = {isa = PBXBuildFile; fileRef = 3D26BAF31CFA025A00B61EB2 /* CannonPhsyicsController.swift */; };
		3D26BAF91CFA025A00B61EB2 /* CannonPhsyicsController.xib in Resources */ = {isa = PBXBuildFile; fileRef = 3D26BAF41CFA025A00B61EB2 /* CannonPhsyicsController.xib */; };
		3D2D984C1D430D99000AA1AF /* donut@2x.png in Resources */ = {isa = PBXBuildFile; fileRef = 3D2D984B1D430D99000AA1AF /* donut@2x.png */; };
		3D30E0B11D4D81AE00A50418 /* InfoTextViewController.swift in Sources */ = {isa = PBXBuildFile; fileRef = 3D30E0AF1D4D81AE00A50418 /* InfoTextViewController.swift */; };
		3D30E0B21D4D81AE00A50418 /* InfoTextViewController.xib in Resources */ = {isa = PBXBuildFile; fileRef = 3D30E0B01D4D81AE00A50418 /* InfoTextViewController.xib */; };
		3D31747A1D4C2020006D4991 /* FireParticle.sks in Resources */ = {isa = PBXBuildFile; fileRef = 3D3174781D4C2020006D4991 /* FireParticle.sks */; };
		3D31747B1D4C2020006D4991 /* spark.png in Resources */ = {isa = PBXBuildFile; fileRef = 3D3174791D4C2020006D4991 /* spark.png */; };
		3D342C8E1D3FF4C800F7BB43 /* Cannon_exp@2x.png in Resources */ = {isa = PBXBuildFile; fileRef = 3D342C8D1D3FF4C800F7BB43 /* Cannon_exp@2x.png */; };
		3D3E09401D5E119600E294FD /* VIRPPhsyicsController.swift in Sources */ = {isa = PBXBuildFile; fileRef = 3D3E093F1D5E119600E294FD /* VIRPPhsyicsController.swift */; };
		3D3E09421D5E119D00E294FD /* VIRPPhsyicsController.xib in Resources */ = {isa = PBXBuildFile; fileRef = 3D3E09411D5E119D00E294FD /* VIRPPhsyicsController.xib */; };
		3D3E09441D5E11A400E294FD /* VIRPScene.swift in Sources */ = {isa = PBXBuildFile; fileRef = 3D3E09431D5E11A400E294FD /* VIRPScene.swift */; };
		3D3E09471D5E752900E294FD /* InfoCell.swift in Sources */ = {isa = PBXBuildFile; fileRef = 3D3E09451D5E752900E294FD /* InfoCell.swift */; };
		3D3E09481D5E752900E294FD /* InfoCell.xib in Resources */ = {isa = PBXBuildFile; fileRef = 3D3E09461D5E752900E294FD /* InfoCell.xib */; };
		3D41D1671E7DBD6D00E983C0 /* RoundedView.swift in Sources */ = {isa = PBXBuildFile; fileRef = 3D41D1661E7DBD6D00E983C0 /* RoundedView.swift */; };
		3D4B2FB11D40428F009B59EF /* cannon@2x.png in Resources */ = {isa = PBXBuildFile; fileRef = 3D4B2FB01D40428F009B59EF /* cannon@2x.png */; };
		3D4B2FB31D4042A9009B59EF /* cannon_base@2x.png in Resources */ = {isa = PBXBuildFile; fileRef = 3D4B2FB21D4042A9009B59EF /* cannon_base@2x.png */; };
		3D4B2FB51D404815009B59EF /* SqueezeButton.swift in Sources */ = {isa = PBXBuildFile; fileRef = 3D4B2FB41D404815009B59EF /* SqueezeButton.swift */; };
		3D82C5981E94070000BA5228 /* medium_gear@2x.png in Resources */ = {isa = PBXBuildFile; fileRef = 3D82C5951E94070000BA5228 /* medium_gear@2x.png */; };
		3D82C5991E94070000BA5228 /* large_gear@2x.png in Resources */ = {isa = PBXBuildFile; fileRef = 3D82C5961E94070000BA5228 /* large_gear@2x.png */; };
		3D82C59A1E94070000BA5228 /* small_gear@2x.png in Resources */ = {isa = PBXBuildFile; fileRef = 3D82C5971E94070000BA5228 /* small_gear@2x.png */; };
		3D82C59E1E94077A00BA5228 /* large_gear_icon.png in Resources */ = {isa = PBXBuildFile; fileRef = 3D82C59B1E94077A00BA5228 /* large_gear_icon.png */; };
		3D82C59F1E94077A00BA5228 /* small_gear_icon.png in Resources */ = {isa = PBXBuildFile; fileRef = 3D82C59C1E94077A00BA5228 /* small_gear_icon.png */; };
		3D82C5A01E94077A00BA5228 /* medium_gear_icon.png in Resources */ = {isa = PBXBuildFile; fileRef = 3D82C59D1E94077A00BA5228 /* medium_gear_icon.png */; };
		3D82C5A21E94083B00BA5228 /* GearsScene.swift in Sources */ = {isa = PBXBuildFile; fileRef = 3D82C5A11E94083B00BA5228 /* GearsScene.swift */; };
		3D88C9F11D3FD001009C639F /* ExperimentTableController.swift in Sources */ = {isa = PBXBuildFile; fileRef = 3D88C9F01D3FD001009C639F /* ExperimentTableController.swift */; };
		3D88C9F41D3FD11B009C639F /* ExperimentCell.swift in Sources */ = {isa = PBXBuildFile; fileRef = 3D88C9F21D3FD11B009C639F /* ExperimentCell.swift */; };
		3D88C9F51D3FD11B009C639F /* ExperimentCell.xib in Resources */ = {isa = PBXBuildFile; fileRef = 3D88C9F31D3FD11B009C639F /* ExperimentCell.xib */; };
		3DA637401D467DB200B0782F /* Polarized Neutron Reflectometry_exp@2x.png in Resources */ = {isa = PBXBuildFile; fileRef = 3DA6373E1D467B3F00B0782F /* Polarized Neutron Reflectometry_exp@2x.png */; };
		3DA637451D468D6A00B0782F /* NeutronPhsyicsController.swift in Sources */ = {isa = PBXBuildFile; fileRef = 3DA637421D468D6A00B0782F /* NeutronPhsyicsController.swift */; };
		3DA637461D468D6A00B0782F /* NeutronScene.swift in Sources */ = {isa = PBXBuildFile; fileRef = 3DA637431D468D6A00B0782F /* NeutronScene.swift */; };
		3DA637481D46911600B0782F /* NeutronPhsyicsController.xib in Resources */ = {isa = PBXBuildFile; fileRef = 3DA637441D468D6A00B0782F /* NeutronPhsyicsController.xib */; };
		3DAACD841E9201F200817886 /* IQKeyboardManager.swift in Sources */ = {isa = PBXBuildFile; fileRef = 3DAACD831E9201F200817886 /* IQKeyboardManager.swift */; };
		3DAACD861E9201FD00817886 /* IQKeyboardReturnKeyHandler.swift in Sources */ = {isa = PBXBuildFile; fileRef = 3DAACD851E9201FD00817886 /* IQKeyboardReturnKeyHandler.swift */; };
		3DAACD8D1E92020A00817886 /* IQNSArray+Sort.swift in Sources */ = {isa = PBXBuildFile; fileRef = 3DAACD871E92020A00817886 /* IQNSArray+Sort.swift */; };
		3DAACD8E1E92020A00817886 /* IQUIScrollView+Additions.swift in Sources */ = {isa = PBXBuildFile; fileRef = 3DAACD881E92020A00817886 /* IQUIScrollView+Additions.swift */; };
		3DAACD8F1E92020A00817886 /* IQUITextFieldView+Additions.swift in Sources */ = {isa = PBXBuildFile; fileRef = 3DAACD891E92020A00817886 /* IQUITextFieldView+Additions.swift */; };
		3DAACD901E92020A00817886 /* IQUIView+Hierarchy.swift in Sources */ = {isa = PBXBuildFile; fileRef = 3DAACD8A1E92020A00817886 /* IQUIView+Hierarchy.swift */; };
		3DAACD911E92020A00817886 /* IQUIViewController+Additions.swift in Sources */ = {isa = PBXBuildFile; fileRef = 3DAACD8B1E92020A00817886 /* IQUIViewController+Additions.swift */; };
		3DAACD921E92020A00817886 /* IQUIWindow+Hierarchy.swift in Sources */ = {isa = PBXBuildFile; fileRef = 3DAACD8C1E92020A00817886 /* IQUIWindow+Hierarchy.swift */; };
		3DAACD951E92021400817886 /* IQKeyboardManagerConstants.swift in Sources */ = {isa = PBXBuildFile; fileRef = 3DAACD931E92021400817886 /* IQKeyboardManagerConstants.swift */; };
		3DAACD961E92021400817886 /* IQKeyboardManagerConstantsInternal.swift in Sources */ = {isa = PBXBuildFile; fileRef = 3DAACD941E92021400817886 /* IQKeyboardManagerConstantsInternal.swift */; };
		3DAACD981E92021D00817886 /* IQTextView.swift in Sources */ = {isa = PBXBuildFile; fileRef = 3DAACD971E92021D00817886 /* IQTextView.swift */; };
		3DAACD9E1E92022700817886 /* IQBarButtonItem.swift in Sources */ = {isa = PBXBuildFile; fileRef = 3DAACD991E92022700817886 /* IQBarButtonItem.swift */; };
		3DAACD9F1E92022700817886 /* IQPreviousNextView.swift in Sources */ = {isa = PBXBuildFile; fileRef = 3DAACD9A1E92022700817886 /* IQPreviousNextView.swift */; };
		3DAACDA01E92022700817886 /* IQTitleBarButtonItem.swift in Sources */ = {isa = PBXBuildFile; fileRef = 3DAACD9B1E92022700817886 /* IQTitleBarButtonItem.swift */; };
		3DAACDA11E92022700817886 /* IQToolbar.swift in Sources */ = {isa = PBXBuildFile; fileRef = 3DAACD9C1E92022700817886 /* IQToolbar.swift */; };
		3DAACDA21E92022700817886 /* IQUIView+IQKeyboardToolbar.swift in Sources */ = {isa = PBXBuildFile; fileRef = 3DAACD9D1E92022700817886 /* IQUIView+IQKeyboardToolbar.swift */; };
		3DAAFCBF1E61174A00BD6A92 /* GearsPhysicsController.swift in Sources */ = {isa = PBXBuildFile; fileRef = 3DAAFCBD1E61174A00BD6A92 /* GearsPhysicsController.swift */; };
		3DAAFCC01E61174A00BD6A92 /* GearsPhysicsController.xib in Resources */ = {isa = PBXBuildFile; fileRef = 3DAAFCBE1E61174A00BD6A92 /* GearsPhysicsController.xib */; };
		3DB808C91D4A8C940057FEEA /* graph@2x.png in Resources */ = {isa = PBXBuildFile; fileRef = 3DB808C81D4A8C940057FEEA /* graph@2x.png */; };
		3DBABD931E956D08001BC63E /* Gears_exp@2x.png in Resources */ = {isa = PBXBuildFile; fileRef = 3DBABD921E956D08001BC63E /* Gears_exp@2x.png */; };
		3DC47F251D4E51D000F981EC /* AirBoxPhsyicsController.swift in Sources */ = {isa = PBXBuildFile; fileRef = 3DC47F221D4E51D000F981EC /* AirBoxPhsyicsController.swift */; };
		3DC47F261D4E51D000F981EC /* AirBoxPhsyicsController.xib in Resources */ = {isa = PBXBuildFile; fileRef = 3DC47F231D4E51D000F981EC /* AirBoxPhsyicsController.xib */; };
		3DC47F271D4E51D000F981EC /* AirBoxScene.swift in Sources */ = {isa = PBXBuildFile; fileRef = 3DC47F241D4E51D000F981EC /* AirBoxScene.swift */; };
		3DCE2CCC1D5E8F9300A9814E /* LineChart.swift in Sources */ = {isa = PBXBuildFile; fileRef = 3DCE2CCB1D5E8F9300A9814E /* LineChart.swift */; };
		3DE065E61CDE6DD600891A66 /* AppDelegate.swift in Sources */ = {isa = PBXBuildFile; fileRef = 3DE065E51CDE6DD600891A66 /* AppDelegate.swift */; };
		3DE065ED1CDE6DD600891A66 /* Main.storyboard in Resources */ = {isa = PBXBuildFile; fileRef = 3DE065EB1CDE6DD600891A66 /* Main.storyboard */; };
		3DE065EF1CDE6DD600891A66 /* Assets.xcassets in Resources */ = {isa = PBXBuildFile; fileRef = 3DE065EE1CDE6DD600891A66 /* Assets.xcassets */; };
		3DE065F21CDE6DD600891A66 /* LaunchScreen.storyboard in Resources */ = {isa = PBXBuildFile; fileRef = 3DE065F01CDE6DD600891A66 /* LaunchScreen.storyboard */; };
		3DE065FA1CDE705100891A66 /* SpriteKit.framework in Frameworks */ = {isa = PBXBuildFile; fileRef = 3DE065F91CDE705100891A66 /* SpriteKit.framework */; };
		3DFE44971D4D93A700C958A0 /* ResistivityScene.swift in Sources */ = {isa = PBXBuildFile; fileRef = 3DFE44961D4D93A700C958A0 /* ResistivityScene.swift */; };
		3DFE44991D4D93AD00C958A0 /* ResistivityPhsyicsController.swift in Sources */ = {isa = PBXBuildFile; fileRef = 3DFE44981D4D93AD00C958A0 /* ResistivityPhsyicsController.swift */; };
		3DFE449B1D4D93B200C958A0 /* ResistivityPhsyicsController.xib in Resources */ = {isa = PBXBuildFile; fileRef = 3DFE449A1D4D93B200C958A0 /* ResistivityPhsyicsController.xib */; };
		3DFE449D1D4D973B00C958A0 /* SceneKit.framework in Frameworks */ = {isa = PBXBuildFile; fileRef = 3DFE449C1D4D973B00C958A0 /* SceneKit.framework */; };
/* End PBXBuildFile section */

/* Begin PBXFileReference section */
		3D08424F1D47BF9800F80155 /* Resistance in a Wire_exp@2x.png */ = {isa = PBXFileReference; lastKnownFileType = image.png; path = "Resistance in a Wire_exp@2x.png"; sourceTree = "<group>"; };
		3D0842501D47BF9800F80155 /* Air Box_exp@2x.png */ = {isa = PBXFileReference; lastKnownFileType = image.png; path = "Air Box_exp@2x.png"; sourceTree = "<group>"; };
		3D0842531D47C02100F80155 /* Circuit VIRP_exp@2x.png */ = {isa = PBXFileReference; lastKnownFileType = image.png; path = "Circuit VIRP_exp@2x.png"; sourceTree = "<group>"; };
		3D2030F21D41646800C4C3BC /* The Flying Donut_exp@2x.png */ = {isa = PBXFileReference; lastKnownFileType = image.png; path = "The Flying Donut_exp@2x.png"; sourceTree = "<group>"; };
		3D2030F51D41B20700C4C3BC /* DonutPhsyicsController.swift */ = {isa = PBXFileReference; fileEncoding = 4; lastKnownFileType = sourcecode.swift; path = DonutPhsyicsController.swift; sourceTree = "<group>"; };
		3D2030F71D41B20E00C4C3BC /* DonutScene.swift */ = {isa = PBXFileReference; fileEncoding = 4; lastKnownFileType = sourcecode.swift; path = DonutScene.swift; sourceTree = "<group>"; };
		3D2030F91D41B21200C4C3BC /* DonutPhsyicsController.xib */ = {isa = PBXFileReference; fileEncoding = 4; lastKnownFileType = file.xib; path = DonutPhsyicsController.xib; sourceTree = "<group>"; };
		3D2030FB1D41BE3400C4C3BC /* DirectionControlView.swift */ = {isa = PBXFileReference; fileEncoding = 4; lastKnownFileType = sourcecode.swift; path = DirectionControlView.swift; sourceTree = "<group>"; };
		3D26BAF21CFA025A00B61EB2 /* CannonScene.swift */ = {isa = PBXFileReference; fileEncoding = 4; lastKnownFileType = sourcecode.swift; path = CannonScene.swift; sourceTree = "<group>"; };
		3D26BAF31CFA025A00B61EB2 /* CannonPhsyicsController.swift */ = {isa = PBXFileReference; fileEncoding = 4; lastKnownFileType = sourcecode.swift; path = CannonPhsyicsController.swift; sourceTree = "<group>"; };
		3D26BAF41CFA025A00B61EB2 /* CannonPhsyicsController.xib */ = {isa = PBXFileReference; fileEncoding = 4; lastKnownFileType = file.xib; path = CannonPhsyicsController.xib; sourceTree = "<group>"; };
		3D2D984B1D430D99000AA1AF /* donut@2x.png */ = {isa = PBXFileReference; lastKnownFileType = image.png; path = "donut@2x.png"; sourceTree = "<group>"; };
		3D30E0AF1D4D81AE00A50418 /* InfoTextViewController.swift */ = {isa = PBXFileReference; fileEncoding = 4; lastKnownFileType = sourcecode.swift; path = InfoTextViewController.swift; sourceTree = "<group>"; };
		3D30E0B01D4D81AE00A50418 /* InfoTextViewController.xib */ = {isa = PBXFileReference; fileEncoding = 4; lastKnownFileType = file.xib; path = InfoTextViewController.xib; sourceTree = "<group>"; };
		3D3174781D4C2020006D4991 /* FireParticle.sks */ = {isa = PBXFileReference; lastKnownFileType = file.sks; path = FireParticle.sks; sourceTree = "<group>"; };
		3D3174791D4C2020006D4991 /* spark.png */ = {isa = PBXFileReference; lastKnownFileType = image.png; path = spark.png; sourceTree = "<group>"; };
		3D342C8D1D3FF4C800F7BB43 /* Cannon_exp@2x.png */ = {isa = PBXFileReference; lastKnownFileType = image.png; path = "Cannon_exp@2x.png"; sourceTree = "<group>"; };
		3D3E093F1D5E119600E294FD /* VIRPPhsyicsController.swift */ = {isa = PBXFileReference; fileEncoding = 4; lastKnownFileType = sourcecode.swift; path = VIRPPhsyicsController.swift; sourceTree = "<group>"; };
		3D3E09411D5E119D00E294FD /* VIRPPhsyicsController.xib */ = {isa = PBXFileReference; fileEncoding = 4; lastKnownFileType = file.xib; path = VIRPPhsyicsController.xib; sourceTree = "<group>"; };
		3D3E09431D5E11A400E294FD /* VIRPScene.swift */ = {isa = PBXFileReference; fileEncoding = 4; lastKnownFileType = sourcecode.swift; path = VIRPScene.swift; sourceTree = "<group>"; };
		3D3E09451D5E752900E294FD /* InfoCell.swift */ = {isa = PBXFileReference; fileEncoding = 4; lastKnownFileType = sourcecode.swift; name = InfoCell.swift; path = ../InfoCell.swift; sourceTree = "<group>"; };
		3D3E09461D5E752900E294FD /* InfoCell.xib */ = {isa = PBXFileReference; fileEncoding = 4; lastKnownFileType = file.xib; name = InfoCell.xib; path = ../InfoCell.xib; sourceTree = "<group>"; };
		3D41D1661E7DBD6D00E983C0 /* RoundedView.swift */ = {isa = PBXFileReference; fileEncoding = 4; lastKnownFileType = sourcecode.swift; path = RoundedView.swift; sourceTree = "<group>"; };
		3D4B2FB01D40428F009B59EF /* cannon@2x.png */ = {isa = PBXFileReference; lastKnownFileType = image.png; path = "cannon@2x.png"; sourceTree = "<group>"; };
		3D4B2FB21D4042A9009B59EF /* cannon_base@2x.png */ = {isa = PBXFileReference; lastKnownFileType = image.png; path = "cannon_base@2x.png"; sourceTree = "<group>"; };
		3D4B2FB41D404815009B59EF /* SqueezeButton.swift */ = {isa = PBXFileReference; fileEncoding = 4; lastKnownFileType = sourcecode.swift; path = SqueezeButton.swift; sourceTree = "<group>"; };
		3D82C5951E94070000BA5228 /* medium_gear@2x.png */ = {isa = PBXFileReference; lastKnownFileType = image.png; path = "medium_gear@2x.png"; sourceTree = "<group>"; };
		3D82C5961E94070000BA5228 /* large_gear@2x.png */ = {isa = PBXFileReference; lastKnownFileType = image.png; path = "large_gear@2x.png"; sourceTree = "<group>"; };
		3D82C5971E94070000BA5228 /* small_gear@2x.png */ = {isa = PBXFileReference; lastKnownFileType = image.png; path = "small_gear@2x.png"; sourceTree = "<group>"; };
		3D82C59B1E94077A00BA5228 /* large_gear_icon.png */ = {isa = PBXFileReference; lastKnownFileType = image.png; path = large_gear_icon.png; sourceTree = "<group>"; };
		3D82C59C1E94077A00BA5228 /* small_gear_icon.png */ = {isa = PBXFileReference; lastKnownFileType = image.png; path = small_gear_icon.png; sourceTree = "<group>"; };
		3D82C59D1E94077A00BA5228 /* medium_gear_icon.png */ = {isa = PBXFileReference; lastKnownFileType = image.png; path = medium_gear_icon.png; sourceTree = "<group>"; };
		3D82C5A11E94083B00BA5228 /* GearsScene.swift */ = {isa = PBXFileReference; fileEncoding = 4; lastKnownFileType = sourcecode.swift; path = GearsScene.swift; sourceTree = "<group>"; };
		3D88C9F01D3FD001009C639F /* ExperimentTableController.swift */ = {isa = PBXFileReference; fileEncoding = 4; lastKnownFileType = sourcecode.swift; path = ExperimentTableController.swift; sourceTree = "<group>"; };
		3D88C9F21D3FD11B009C639F /* ExperimentCell.swift */ = {isa = PBXFileReference; fileEncoding = 4; lastKnownFileType = sourcecode.swift; path = ExperimentCell.swift; sourceTree = "<group>"; };
		3D88C9F31D3FD11B009C639F /* ExperimentCell.xib */ = {isa = PBXFileReference; fileEncoding = 4; lastKnownFileType = file.xib; path = ExperimentCell.xib; sourceTree = "<group>"; };
		3DA6373E1D467B3F00B0782F /* Polarized Neutron Reflectometry_exp@2x.png */ = {isa = PBXFileReference; lastKnownFileType = image.png; path = "Polarized Neutron Reflectometry_exp@2x.png"; sourceTree = "<group>"; };
		3DA637421D468D6A00B0782F /* NeutronPhsyicsController.swift */ = {isa = PBXFileReference; fileEncoding = 4; lastKnownFileType = sourcecode.swift; path = NeutronPhsyicsController.swift; sourceTree = "<group>"; };
		3DA637431D468D6A00B0782F /* NeutronScene.swift */ = {isa = PBXFileReference; fileEncoding = 4; lastKnownFileType = sourcecode.swift; path = NeutronScene.swift; sourceTree = "<group>"; };
		3DA637441D468D6A00B0782F /* NeutronPhsyicsController.xib */ = {isa = PBXFileReference; fileEncoding = 4; lastKnownFileType = file.xib; path = NeutronPhsyicsController.xib; sourceTree = "<group>"; };
		3DAACD831E9201F200817886 /* IQKeyboardManager.swift */ = {isa = PBXFileReference; fileEncoding = 4; lastKnownFileType = sourcecode.swift; path = IQKeyboardManager.swift; sourceTree = "<group>"; };
		3DAACD851E9201FD00817886 /* IQKeyboardReturnKeyHandler.swift */ = {isa = PBXFileReference; fileEncoding = 4; lastKnownFileType = sourcecode.swift; path = IQKeyboardReturnKeyHandler.swift; sourceTree = "<group>"; };
		3DAACD871E92020A00817886 /* IQNSArray+Sort.swift */ = {isa = PBXFileReference; fileEncoding = 4; lastKnownFileType = sourcecode.swift; path = "IQNSArray+Sort.swift"; sourceTree = "<group>"; };
		3DAACD881E92020A00817886 /* IQUIScrollView+Additions.swift */ = {isa = PBXFileReference; fileEncoding = 4; lastKnownFileType = sourcecode.swift; path = "IQUIScrollView+Additions.swift"; sourceTree = "<group>"; };
		3DAACD891E92020A00817886 /* IQUITextFieldView+Additions.swift */ = {isa = PBXFileReference; fileEncoding = 4; lastKnownFileType = sourcecode.swift; path = "IQUITextFieldView+Additions.swift"; sourceTree = "<group>"; };
		3DAACD8A1E92020A00817886 /* IQUIView+Hierarchy.swift */ = {isa = PBXFileReference; fileEncoding = 4; lastKnownFileType = sourcecode.swift; path = "IQUIView+Hierarchy.swift"; sourceTree = "<group>"; };
		3DAACD8B1E92020A00817886 /* IQUIViewController+Additions.swift */ = {isa = PBXFileReference; fileEncoding = 4; lastKnownFileType = sourcecode.swift; path = "IQUIViewController+Additions.swift"; sourceTree = "<group>"; };
		3DAACD8C1E92020A00817886 /* IQUIWindow+Hierarchy.swift */ = {isa = PBXFileReference; fileEncoding = 4; lastKnownFileType = sourcecode.swift; path = "IQUIWindow+Hierarchy.swift"; sourceTree = "<group>"; };
		3DAACD931E92021400817886 /* IQKeyboardManagerConstants.swift */ = {isa = PBXFileReference; fileEncoding = 4; lastKnownFileType = sourcecode.swift; path = IQKeyboardManagerConstants.swift; sourceTree = "<group>"; };
		3DAACD941E92021400817886 /* IQKeyboardManagerConstantsInternal.swift */ = {isa = PBXFileReference; fileEncoding = 4; lastKnownFileType = sourcecode.swift; path = IQKeyboardManagerConstantsInternal.swift; sourceTree = "<group>"; };
		3DAACD971E92021D00817886 /* IQTextView.swift */ = {isa = PBXFileReference; fileEncoding = 4; lastKnownFileType = sourcecode.swift; path = IQTextView.swift; sourceTree = "<group>"; };
		3DAACD991E92022700817886 /* IQBarButtonItem.swift */ = {isa = PBXFileReference; fileEncoding = 4; lastKnownFileType = sourcecode.swift; path = IQBarButtonItem.swift; sourceTree = "<group>"; };
		3DAACD9A1E92022700817886 /* IQPreviousNextView.swift */ = {isa = PBXFileReference; fileEncoding = 4; lastKnownFileType = sourcecode.swift; path = IQPreviousNextView.swift; sourceTree = "<group>"; };
		3DAACD9B1E92022700817886 /* IQTitleBarButtonItem.swift */ = {isa = PBXFileReference; fileEncoding = 4; lastKnownFileType = sourcecode.swift; path = IQTitleBarButtonItem.swift; sourceTree = "<group>"; };
		3DAACD9C1E92022700817886 /* IQToolbar.swift */ = {isa = PBXFileReference; fileEncoding = 4; lastKnownFileType = sourcecode.swift; path = IQToolbar.swift; sourceTree = "<group>"; };
		3DAACD9D1E92022700817886 /* IQUIView+IQKeyboardToolbar.swift */ = {isa = PBXFileReference; fileEncoding = 4; lastKnownFileType = sourcecode.swift; path = "IQUIView+IQKeyboardToolbar.swift"; sourceTree = "<group>"; };
		3DAAFCBD1E61174A00BD6A92 /* GearsPhysicsController.swift */ = {isa = PBXFileReference; fileEncoding = 4; lastKnownFileType = sourcecode.swift; name = GearsPhysicsController.swift; path = ../GearsPhysicsController.swift; sourceTree = "<group>"; };
		3DAAFCBE1E61174A00BD6A92 /* GearsPhysicsController.xib */ = {isa = PBXFileReference; fileEncoding = 4; lastKnownFileType = file.xib; name = GearsPhysicsController.xib; path = ../GearsPhysicsController.xib; sourceTree = "<group>"; };
		3DB808C81D4A8C940057FEEA /* graph@2x.png */ = {isa = PBXFileReference; lastKnownFileType = image.png; path = "graph@2x.png"; sourceTree = "<group>"; };
		3DBABD921E956D08001BC63E /* Gears_exp@2x.png */ = {isa = PBXFileReference; lastKnownFileType = image.png; path = "Gears_exp@2x.png"; sourceTree = "<group>"; };
		3DC47F221D4E51D000F981EC /* AirBoxPhsyicsController.swift */ = {isa = PBXFileReference; fileEncoding = 4; lastKnownFileType = sourcecode.swift; path = AirBoxPhsyicsController.swift; sourceTree = "<group>"; };
		3DC47F231D4E51D000F981EC /* AirBoxPhsyicsController.xib */ = {isa = PBXFileReference; fileEncoding = 4; lastKnownFileType = file.xib; path = AirBoxPhsyicsController.xib; sourceTree = "<group>"; };
		3DC47F241D4E51D000F981EC /* AirBoxScene.swift */ = {isa = PBXFileReference; fileEncoding = 4; lastKnownFileType = sourcecode.swift; path = AirBoxScene.swift; sourceTree = "<group>"; };
		3DCE2CCB1D5E8F9300A9814E /* LineChart.swift */ = {isa = PBXFileReference; fileEncoding = 4; lastKnownFileType = sourcecode.swift; path = LineChart.swift; sourceTree = "<group>"; };
		3DE065E21CDE6DD200891A66 /* Physics Phun.app */ = {isa = PBXFileReference; explicitFileType = wrapper.application; includeInIndex = 0; path = "Physics Phun.app"; sourceTree = BUILT_PRODUCTS_DIR; };
		3DE065E51CDE6DD600891A66 /* AppDelegate.swift */ = {isa = PBXFileReference; lastKnownFileType = sourcecode.swift; path = AppDelegate.swift; sourceTree = "<group>"; };
		3DE065EC1CDE6DD600891A66 /* Base */ = {isa = PBXFileReference; lastKnownFileType = file.storyboard; name = Base; path = Base.lproj/Main.storyboard; sourceTree = "<group>"; };
		3DE065EE1CDE6DD600891A66 /* Assets.xcassets */ = {isa = PBXFileReference; lastKnownFileType = folder.assetcatalog; path = Assets.xcassets; sourceTree = "<group>"; };
		3DE065F11CDE6DD600891A66 /* Base */ = {isa = PBXFileReference; lastKnownFileType = file.storyboard; name = Base; path = Base.lproj/LaunchScreen.storyboard; sourceTree = "<group>"; };
		3DE065F31CDE6DD600891A66 /* Info.plist */ = {isa = PBXFileReference; lastKnownFileType = text.plist.xml; path = Info.plist; sourceTree = "<group>"; };
		3DE065F91CDE705100891A66 /* SpriteKit.framework */ = {isa = PBXFileReference; lastKnownFileType = wrapper.framework; name = SpriteKit.framework; path = System/Library/Frameworks/SpriteKit.framework; sourceTree = SDKROOT; };
		3DFE44961D4D93A700C958A0 /* ResistivityScene.swift */ = {isa = PBXFileReference; fileEncoding = 4; lastKnownFileType = sourcecode.swift; path = ResistivityScene.swift; sourceTree = "<group>"; };
		3DFE44981D4D93AD00C958A0 /* ResistivityPhsyicsController.swift */ = {isa = PBXFileReference; fileEncoding = 4; lastKnownFileType = sourcecode.swift; path = ResistivityPhsyicsController.swift; sourceTree = "<group>"; };
		3DFE449A1D4D93B200C958A0 /* ResistivityPhsyicsController.xib */ = {isa = PBXFileReference; fileEncoding = 4; lastKnownFileType = file.xib; path = ResistivityPhsyicsController.xib; sourceTree = "<group>"; };
		3DFE449C1D4D973B00C958A0 /* SceneKit.framework */ = {isa = PBXFileReference; lastKnownFileType = wrapper.framework; name = SceneKit.framework; path = System/Library/Frameworks/SceneKit.framework; sourceTree = SDKROOT; };
/* End PBXFileReference section */

/* Begin PBXFrameworksBuildPhase section */
		3DE065DF1CDE6DD200891A66 /* Frameworks */ = {
			isa = PBXFrameworksBuildPhase;
			buildActionMask = 2147483647;
			files = (
				3DFE449D1D4D973B00C958A0 /* SceneKit.framework in Frameworks */,
				3DE065FA1CDE705100891A66 /* SpriteKit.framework in Frameworks */,
			);
			runOnlyForDeploymentPostprocessing = 0;
		};
/* End PBXFrameworksBuildPhase section */

/* Begin PBXGroup section */
		3D2030F41D41B1CF00C4C3BC /* Donut */ = {
			isa = PBXGroup;
			children = (
				3D3174781D4C2020006D4991 /* FireParticle.sks */,
				3D3174791D4C2020006D4991 /* spark.png */,
				3D2D984B1D430D99000AA1AF /* donut@2x.png */,
				3D2030FB1D41BE3400C4C3BC /* DirectionControlView.swift */,
				3D2030F71D41B20E00C4C3BC /* DonutScene.swift */,
				3D2030F51D41B20700C4C3BC /* DonutPhsyicsController.swift */,
				3D2030F91D41B21200C4C3BC /* DonutPhsyicsController.xib */,
			);
			name = Donut;
			sourceTree = "<group>";
		};
		3D26BAFC1CFA02D600B61EB2 /* Cannon */ = {
			isa = PBXGroup;
			children = (
				3D26BAF21CFA025A00B61EB2 /* CannonScene.swift */,
				3D26BAF31CFA025A00B61EB2 /* CannonPhsyicsController.swift */,
				3D26BAF41CFA025A00B61EB2 /* CannonPhsyicsController.xib */,
				3D4B2FB01D40428F009B59EF /* cannon@2x.png */,
				3D4B2FB21D4042A9009B59EF /* cannon_base@2x.png */,
				3D342C8D1D3FF4C800F7BB43 /* Cannon_exp@2x.png */,
			);
			name = Cannon;
			sourceTree = "<group>";
		};
		3D41D1631E7DBC5400E983C0 /* Gears */ = {
			isa = PBXGroup;
			children = (
				3D82C59B1E94077A00BA5228 /* large_gear_icon.png */,
				3D82C59C1E94077A00BA5228 /* small_gear_icon.png */,
				3D82C59D1E94077A00BA5228 /* medium_gear_icon.png */,
				3D82C5951E94070000BA5228 /* medium_gear@2x.png */,
				3D82C5961E94070000BA5228 /* large_gear@2x.png */,
				3D82C5971E94070000BA5228 /* small_gear@2x.png */,
				3D41D1661E7DBD6D00E983C0 /* RoundedView.swift */,
				3D82C5A11E94083B00BA5228 /* GearsScene.swift */,
				3DAAFCBD1E61174A00BD6A92 /* GearsPhysicsController.swift */,
				3DAAFCBE1E61174A00BD6A92 /* GearsPhysicsController.xib */,
			);
			name = Gears;
			sourceTree = "<group>";
		};
		3D4B2FD61D40730F009B59EF /* IQ */ = {
			isa = PBXGroup;
			children = (
				3DAACD991E92022700817886 /* IQBarButtonItem.swift */,
				3DAACD9A1E92022700817886 /* IQPreviousNextView.swift */,
				3DAACD9B1E92022700817886 /* IQTitleBarButtonItem.swift */,
				3DAACD9C1E92022700817886 /* IQToolbar.swift */,
				3DAACD9D1E92022700817886 /* IQUIView+IQKeyboardToolbar.swift */,
				3DAACD971E92021D00817886 /* IQTextView.swift */,
				3DAACD871E92020A00817886 /* IQNSArray+Sort.swift */,
				3DAACD931E92021400817886 /* IQKeyboardManagerConstants.swift */,
				3DAACD941E92021400817886 /* IQKeyboardManagerConstantsInternal.swift */,
				3DAACD881E92020A00817886 /* IQUIScrollView+Additions.swift */,
				3DAACD891E92020A00817886 /* IQUITextFieldView+Additions.swift */,
				3DAACD8A1E92020A00817886 /* IQUIView+Hierarchy.swift */,
				3DAACD8B1E92020A00817886 /* IQUIViewController+Additions.swift */,
				3DAACD8C1E92020A00817886 /* IQUIWindow+Hierarchy.swift */,
				3DAACD851E9201FD00817886 /* IQKeyboardReturnKeyHandler.swift */,
				3DAACD831E9201F200817886 /* IQKeyboardManager.swift */,
			);
			name = IQ;
			sourceTree = "<group>";
		};
		3DA637411D46827400B0782F /* Neutron */ = {
			isa = PBXGroup;
			children = (
				3DA637431D468D6A00B0782F /* NeutronScene.swift */,
				3DB808C81D4A8C940057FEEA /* graph@2x.png */,
				3DA637421D468D6A00B0782F /* NeutronPhsyicsController.swift */,
				3DA637441D468D6A00B0782F /* NeutronPhsyicsController.xib */,
			);
			name = Neutron;
			sourceTree = "<group>";
		};
		3DC47F201D4E50BE00F981EC /* VIRP */ = {
			isa = PBXGroup;
			children = (
				3D3E09431D5E11A400E294FD /* VIRPScene.swift */,
				3D3E093F1D5E119600E294FD /* VIRPPhsyicsController.swift */,
				3D3E09411D5E119D00E294FD /* VIRPPhsyicsController.xib */,
			);
			name = VIRP;
			sourceTree = "<group>";
		};
		3DC47F211D4E50DB00F981EC /* Air Box */ = {
			isa = PBXGroup;
			children = (
				3DC47F241D4E51D000F981EC /* AirBoxScene.swift */,
				3DC47F221D4E51D000F981EC /* AirBoxPhsyicsController.swift */,
				3DC47F231D4E51D000F981EC /* AirBoxPhsyicsController.xib */,
			);
			name = "Air Box";
			sourceTree = "<group>";
		};
		3DE065D91CDE6DD200891A66 = {
			isa = PBXGroup;
			children = (
				3DFE449C1D4D973B00C958A0 /* SceneKit.framework */,
				3DE065F91CDE705100891A66 /* SpriteKit.framework */,
				3DE065E41CDE6DD500891A66 /* Physics Phun */,
				3DE065E31CDE6DD200891A66 /* Products */,
			);
			sourceTree = "<group>";
		};
		3DE065E31CDE6DD200891A66 /* Products */ = {
			isa = PBXGroup;
			children = (
				3DE065E21CDE6DD200891A66 /* Physics Phun.app */,
			);
			name = Products;
			sourceTree = "<group>";
		};
		3DE065E41CDE6DD500891A66 /* Physics Phun */ = {
			isa = PBXGroup;
			children = (
				3D4B2FD61D40730F009B59EF /* IQ */,
				3DCE2CCB1D5E8F9300A9814E /* LineChart.swift */,
				3DE065E51CDE6DD600891A66 /* AppDelegate.swift */,
				3D4B2FB41D404815009B59EF /* SqueezeButton.swift */,
				3D30E0AF1D4D81AE00A50418 /* InfoTextViewController.swift */,
				3D30E0B01D4D81AE00A50418 /* InfoTextViewController.xib */,
				3D3E09451D5E752900E294FD /* InfoCell.swift */,
				3D3E09461D5E752900E294FD /* InfoCell.xib */,
				3D88C9F21D3FD11B009C639F /* ExperimentCell.swift */,
				3D88C9F31D3FD11B009C639F /* ExperimentCell.xib */,
				3D88C9F01D3FD001009C639F /* ExperimentTableController.swift */,
				3DE065EB1CDE6DD600891A66 /* Main.storyboard */,
				3D41D1631E7DBC5400E983C0 /* Gears */,
				3DFE44951D4D91E900C958A0 /* Resistivity */,
				3D2030F41D41B1CF00C4C3BC /* Donut */,
				3DA637411D46827400B0782F /* Neutron */,
				3D26BAFC1CFA02D600B61EB2 /* Cannon */,
				3DC47F201D4E50BE00F981EC /* VIRP */,
				3DC47F211D4E50DB00F981EC /* Air Box */,
				3DA6373E1D467B3F00B0782F /* Polarized Neutron Reflectometry_exp@2x.png */,
				3DBABD921E956D08001BC63E /* Gears_exp@2x.png */,
				3D2030F21D41646800C4C3BC /* The Flying Donut_exp@2x.png */,
				3D08424F1D47BF9800F80155 /* Resistance in a Wire_exp@2x.png */,
				3D0842501D47BF9800F80155 /* Air Box_exp@2x.png */,
				3D0842531D47C02100F80155 /* Circuit VIRP_exp@2x.png */,
				3DE065EE1CDE6DD600891A66 /* Assets.xcassets */,
				3DE065F01CDE6DD600891A66 /* LaunchScreen.storyboard */,
				3DE065F31CDE6DD600891A66 /* Info.plist */,
			);
			path = "Physics Phun";
			sourceTree = "<group>";
		};
		3DFE44951D4D91E900C958A0 /* Resistivity */ = {
			isa = PBXGroup;
			children = (
				3DFE44961D4D93A700C958A0 /* ResistivityScene.swift */,
				3DFE44981D4D93AD00C958A0 /* ResistivityPhsyicsController.swift */,
				3DFE449A1D4D93B200C958A0 /* ResistivityPhsyicsController.xib */,
			);
			name = Resistivity;
			sourceTree = "<group>";
		};
/* End PBXGroup section */

/* Begin PBXNativeTarget section */
		3DE065E11CDE6DD200891A66 /* Physics Phun */ = {
			isa = PBXNativeTarget;
			buildConfigurationList = 3DE065F61CDE6DD600891A66 /* Build configuration list for PBXNativeTarget "Physics Phun" */;
			buildPhases = (
				3DE065DE1CDE6DD200891A66 /* Sources */,
				3DE065E01CDE6DD200891A66 /* Resources */,
				3DE065DF1CDE6DD200891A66 /* Frameworks */,
			);
			buildRules = (
			);
			dependencies = (
			);
			name = "Physics Phun";
			productName = "Physics Phun";
			productReference = 3DE065E21CDE6DD200891A66 /* Physics Phun.app */;
			productType = "com.apple.product-type.application";
		};
/* End PBXNativeTarget section */

/* Begin PBXProject section */
		3DE065DA1CDE6DD200891A66 /* Project object */ = {
			isa = PBXProject;
			attributes = {
				LastSwiftUpdateCheck = 0730;
				LastUpgradeCheck = 0820;
				ORGANIZATIONNAME = omaralejel;
				TargetAttributes = {
					3DE065E11CDE6DD200891A66 = {
						CreatedOnToolsVersion = 7.3.1;
						DevelopmentTeam = DL7989H5XT;
						LastSwiftMigration = 0820;
					};
				};
			};
			buildConfigurationList = 3DE065DD1CDE6DD200891A66 /* Build configuration list for PBXProject "Physics Phun" */;
			compatibilityVersion = "Xcode 3.2";
			developmentRegion = English;
			hasScannedForEncodings = 0;
			knownRegions = (
				en,
				Base,
			);
			mainGroup = 3DE065D91CDE6DD200891A66;
			productRefGroup = 3DE065E31CDE6DD200891A66 /* Products */;
			projectDirPath = "";
			projectRoot = "";
			targets = (
				3DE065E11CDE6DD200891A66 /* Physics Phun */,
			);
		};
/* End PBXProject section */

/* Begin PBXResourcesBuildPhase section */
		3DE065E01CDE6DD200891A66 /* Resources */ = {
			isa = PBXResourcesBuildPhase;
			buildActionMask = 2147483647;
			files = (
				3D2030F31D41646800C4C3BC /* The Flying Donut_exp@2x.png in Resources */,
				3D3E09481D5E752900E294FD /* InfoCell.xib in Resources */,
				3DA637401D467DB200B0782F /* Polarized Neutron Reflectometry_exp@2x.png in Resources */,
				3D2D984C1D430D99000AA1AF /* donut@2x.png in Resources */,
				3D82C59E1E94077A00BA5228 /* large_gear_icon.png in Resources */,
				3D82C5981E94070000BA5228 /* medium_gear@2x.png in Resources */,
				3DE065F21CDE6DD600891A66 /* LaunchScreen.storyboard in Resources */,
				3DB808C91D4A8C940057FEEA /* graph@2x.png in Resources */,
				3D31747A1D4C2020006D4991 /* FireParticle.sks in Resources */,
				3DC47F261D4E51D000F981EC /* AirBoxPhsyicsController.xib in Resources */,
				3D31747B1D4C2020006D4991 /* spark.png in Resources */,
				3DBABD931E956D08001BC63E /* Gears_exp@2x.png in Resources */,
				3DE065EF1CDE6DD600891A66 /* Assets.xcassets in Resources */,
				3D82C59F1E94077A00BA5228 /* small_gear_icon.png in Resources */,
				3D82C5991E94070000BA5228 /* large_gear@2x.png in Resources */,
				3DE065ED1CDE6DD600891A66 /* Main.storyboard in Resources */,
				3D3E09421D5E119D00E294FD /* VIRPPhsyicsController.xib in Resources */,
				3D4B2FB31D4042A9009B59EF /* cannon_base@2x.png in Resources */,
				3D82C5A01E94077A00BA5228 /* medium_gear_icon.png in Resources */,
				3D26BAF91CFA025A00B61EB2 /* CannonPhsyicsController.xib in Resources */,
				3D2030FA1D41B21200C4C3BC /* DonutPhsyicsController.xib in Resources */,
				3D82C59A1E94070000BA5228 /* small_gear@2x.png in Resources */,
				3D0842541D47C02100F80155 /* Circuit VIRP_exp@2x.png in Resources */,
				3D88C9F51D3FD11B009C639F /* ExperimentCell.xib in Resources */,
				3DFE449B1D4D93B200C958A0 /* ResistivityPhsyicsController.xib in Resources */,
				3D0842521D47BF9800F80155 /* Air Box_exp@2x.png in Resources */,
				3D30E0B21D4D81AE00A50418 /* InfoTextViewController.xib in Resources */,
				3D342C8E1D3FF4C800F7BB43 /* Cannon_exp@2x.png in Resources */,
				3DAAFCC01E61174A00BD6A92 /* GearsPhysicsController.xib in Resources */,
				3D4B2FB11D40428F009B59EF /* cannon@2x.png in Resources */,
				3D03554A1D4E6CF000DD20AE /* Resistance in a Wire_exp@2x.png in Resources */,
				3DA637481D46911600B0782F /* NeutronPhsyicsController.xib in Resources */,
			);
			runOnlyForDeploymentPostprocessing = 0;
		};
/* End PBXResourcesBuildPhase section */

/* Begin PBXSourcesBuildPhase section */
		3DE065DE1CDE6DD200891A66 /* Sources */ = {
			isa = PBXSourcesBuildPhase;
			buildActionMask = 2147483647;
			files = (
				3D41D1671E7DBD6D00E983C0 /* RoundedView.swift in Sources */,
				3DAACD8D1E92020A00817886 /* IQNSArray+Sort.swift in Sources */,
				3D88C9F41D3FD11B009C639F /* ExperimentCell.swift in Sources */,
				3DAACD961E92021400817886 /* IQKeyboardManagerConstantsInternal.swift in Sources */,
				3DAACD861E9201FD00817886 /* IQKeyboardReturnKeyHandler.swift in Sources */,
				3DAACD911E92020A00817886 /* IQUIViewController+Additions.swift in Sources */,
				3DAACD901E92020A00817886 /* IQUIView+Hierarchy.swift in Sources */,
				3D88C9F11D3FD001009C639F /* ExperimentTableController.swift in Sources */,
				3DAACDA21E92022700817886 /* IQUIView+IQKeyboardToolbar.swift in Sources */,
				3DAACD981E92021D00817886 /* IQTextView.swift in Sources */,
				3DAACDA01E92022700817886 /* IQTitleBarButtonItem.swift in Sources */,
				3DAACDA11E92022700817886 /* IQToolbar.swift in Sources */,
				3DA637451D468D6A00B0782F /* NeutronPhsyicsController.swift in Sources */,
				3D4B2FB51D404815009B59EF /* SqueezeButton.swift in Sources */,
				3D30E0B11D4D81AE00A50418 /* InfoTextViewController.swift in Sources */,
				3D2030F81D41B20E00C4C3BC /* DonutScene.swift in Sources */,
				3DC47F251D4E51D000F981EC /* AirBoxPhsyicsController.swift in Sources */,
				3D3E09441D5E11A400E294FD /* VIRPScene.swift in Sources */,
				3DAACD8E1E92020A00817886 /* IQUIScrollView+Additions.swift in Sources */,
				3DAACD9F1E92022700817886 /* IQPreviousNextView.swift in Sources */,
				3D26BAF71CFA025A00B61EB2 /* CannonScene.swift in Sources */,
				3DAACD921E92020A00817886 /* IQUIWindow+Hierarchy.swift in Sources */,
				3DFE44971D4D93A700C958A0 /* ResistivityScene.swift in Sources */,
				3D26BAF81CFA025A00B61EB2 /* CannonPhsyicsController.swift in Sources */,
				3DAACD9E1E92022700817886 /* IQBarButtonItem.swift in Sources */,
				3DCE2CCC1D5E8F9300A9814E /* LineChart.swift in Sources */,
				3DFE44991D4D93AD00C958A0 /* ResistivityPhsyicsController.swift in Sources */,
				3DAAFCBF1E61174A00BD6A92 /* GearsPhysicsController.swift in Sources */,
				3D2030F61D41B20700C4C3BC /* DonutPhsyicsController.swift in Sources */,
				3DA637461D468D6A00B0782F /* NeutronScene.swift in Sources */,
				3DAACD841E9201F200817886 /* IQKeyboardManager.swift in Sources */,
				3DE065E61CDE6DD600891A66 /* AppDelegate.swift in Sources */,
				3D2030FC1D41BE3400C4C3BC /* DirectionControlView.swift in Sources */,
				3D82C5A21E94083B00BA5228 /* GearsScene.swift in Sources */,
				3DAACD8F1E92020A00817886 /* IQUITextFieldView+Additions.swift in Sources */,
				3D3E09401D5E119600E294FD /* VIRPPhsyicsController.swift in Sources */,
				3DC47F271D4E51D000F981EC /* AirBoxScene.swift in Sources */,
				3DAACD951E92021400817886 /* IQKeyboardManagerConstants.swift in Sources */,
				3D3E09471D5E752900E294FD /* InfoCell.swift in Sources */,
			);
			runOnlyForDeploymentPostprocessing = 0;
		};
/* End PBXSourcesBuildPhase section */

/* Begin PBXVariantGroup section */
		3DE065EB1CDE6DD600891A66 /* Main.storyboard */ = {
			isa = PBXVariantGroup;
			children = (
				3DE065EC1CDE6DD600891A66 /* Base */,
			);
			name = Main.storyboard;
			sourceTree = "<group>";
		};
		3DE065F01CDE6DD600891A66 /* LaunchScreen.storyboard */ = {
			isa = PBXVariantGroup;
			children = (
				3DE065F11CDE6DD600891A66 /* Base */,
			);
			name = LaunchScreen.storyboard;
			sourceTree = "<group>";
		};
/* End PBXVariantGroup section */

/* Begin XCBuildConfiguration section */
		3DE065F41CDE6DD600891A66 /* Debug */ = {
			isa = XCBuildConfiguration;
			buildSettings = {
				ALWAYS_SEARCH_USER_PATHS = NO;
				CLANG_ANALYZER_NONNULL = YES;
				CLANG_CXX_LANGUAGE_STANDARD = "gnu++0x";
				CLANG_CXX_LIBRARY = "libc++";
				CLANG_ENABLE_MODULES = YES;
				CLANG_ENABLE_OBJC_ARC = YES;
				CLANG_WARN_BOOL_CONVERSION = YES;
				CLANG_WARN_CONSTANT_CONVERSION = YES;
				CLANG_WARN_DIRECT_OBJC_ISA_USAGE = YES_ERROR;
				CLANG_WARN_EMPTY_BODY = YES;
				CLANG_WARN_ENUM_CONVERSION = YES;
				CLANG_WARN_INFINITE_RECURSION = YES;
				CLANG_WARN_INT_CONVERSION = YES;
				CLANG_WARN_OBJC_ROOT_CLASS = YES_ERROR;
				CLANG_WARN_SUSPICIOUS_MOVE = YES;
				CLANG_WARN_UNREACHABLE_CODE = YES;
				CLANG_WARN__DUPLICATE_METHOD_MATCH = YES;
				"CODE_SIGN_IDENTITY[sdk=iphoneos*]" = "iPhone Developer";
				COPY_PHASE_STRIP = NO;
				DEBUG_INFORMATION_FORMAT = dwarf;
				ENABLE_STRICT_OBJC_MSGSEND = YES;
				ENABLE_TESTABILITY = YES;
				GCC_C_LANGUAGE_STANDARD = gnu99;
				GCC_DYNAMIC_NO_PIC = NO;
				GCC_NO_COMMON_BLOCKS = YES;
				GCC_OPTIMIZATION_LEVEL = 0;
				GCC_PREPROCESSOR_DEFINITIONS = (
					"DEBUG=1",
					"$(inherited)",
				);
				GCC_WARN_64_TO_32_BIT_CONVERSION = YES;
				GCC_WARN_ABOUT_RETURN_TYPE = YES_ERROR;
				GCC_WARN_UNDECLARED_SELECTOR = YES;
				GCC_WARN_UNINITIALIZED_AUTOS = YES_AGGRESSIVE;
				GCC_WARN_UNUSED_FUNCTION = YES;
				GCC_WARN_UNUSED_VARIABLE = YES;
				IPHONEOS_DEPLOYMENT_TARGET = 9.3;
				MTL_ENABLE_DEBUG_INFO = YES;
				ONLY_ACTIVE_ARCH = YES;
				SDKROOT = iphoneos;
				SWIFT_OPTIMIZATION_LEVEL = "-Onone";
				SWIFT_VERSION = 2.3;
			};
			name = Debug;
		};
		3DE065F51CDE6DD600891A66 /* Release */ = {
			isa = XCBuildConfiguration;
			buildSettings = {
				ALWAYS_SEARCH_USER_PATHS = NO;
				CLANG_ANALYZER_NONNULL = YES;
				CLANG_CXX_LANGUAGE_STANDARD = "gnu++0x";
				CLANG_CXX_LIBRARY = "libc++";
				CLANG_ENABLE_MODULES = YES;
				CLANG_ENABLE_OBJC_ARC = YES;
				CLANG_WARN_BOOL_CONVERSION = YES;
				CLANG_WARN_CONSTANT_CONVERSION = YES;
				CLANG_WARN_DIRECT_OBJC_ISA_USAGE = YES_ERROR;
				CLANG_WARN_EMPTY_BODY = YES;
				CLANG_WARN_ENUM_CONVERSION = YES;
				CLANG_WARN_INFINITE_RECURSION = YES;
				CLANG_WARN_INT_CONVERSION = YES;
				CLANG_WARN_OBJC_ROOT_CLASS = YES_ERROR;
				CLANG_WARN_SUSPICIOUS_MOVE = YES;
				CLANG_WARN_UNREACHABLE_CODE = YES;
				CLANG_WARN__DUPLICATE_METHOD_MATCH = YES;
				"CODE_SIGN_IDENTITY[sdk=iphoneos*]" = "iPhone Developer";
				COPY_PHASE_STRIP = NO;
				DEBUG_INFORMATION_FORMAT = "dwarf-with-dsym";
				ENABLE_NS_ASSERTIONS = NO;
				ENABLE_STRICT_OBJC_MSGSEND = YES;
				GCC_C_LANGUAGE_STANDARD = gnu99;
				GCC_NO_COMMON_BLOCKS = YES;
				GCC_WARN_64_TO_32_BIT_CONVERSION = YES;
				GCC_WARN_ABOUT_RETURN_TYPE = YES_ERROR;
				GCC_WARN_UNDECLARED_SELECTOR = YES;
				GCC_WARN_UNINITIALIZED_AUTOS = YES_AGGRESSIVE;
				GCC_WARN_UNUSED_FUNCTION = YES;
				GCC_WARN_UNUSED_VARIABLE = YES;
				IPHONEOS_DEPLOYMENT_TARGET = 9.3;
				MTL_ENABLE_DEBUG_INFO = NO;
				SDKROOT = iphoneos;
				SWIFT_OPTIMIZATION_LEVEL = "-Owholemodule";
				SWIFT_VERSION = 2.3;
				VALIDATE_PRODUCT = YES;
			};
			name = Release;
		};
		3DE065F71CDE6DD600891A66 /* Debug */ = {
			isa = XCBuildConfiguration;
			buildSettings = {
				ASSETCATALOG_COMPILER_APPICON_NAME = AppIcon;
				CODE_SIGN_IDENTITY = "iPhone Developer";
				DEVELOPMENT_TEAM = DL7989H5XT;
				INFOPLIST_FILE = "Physics Phun/Info.plist";
				IPHONEOS_DEPLOYMENT_TARGET = 9.0;
				LD_RUNPATH_SEARCH_PATHS = "$(inherited) @executable_path/Frameworks";
				PRODUCT_BUNDLE_IDENTIFIER = "com.omaralejel.Physics-Phun";
				PRODUCT_NAME = "$(TARGET_NAME)";
				SWIFT_VERSION = 3.0;
				TARGETED_DEVICE_FAMILY = 1;
			};
			name = Debug;
		};
		3DE065F81CDE6DD600891A66 /* Release */ = {
			isa = XCBuildConfiguration;
			buildSettings = {
				ASSETCATALOG_COMPILER_APPICON_NAME = AppIcon;
				CODE_SIGN_IDENTITY = "iPhone Developer";
				DEVELOPMENT_TEAM = DL7989H5XT;
				INFOPLIST_FILE = "Physics Phun/Info.plist";
				IPHONEOS_DEPLOYMENT_TARGET = 9.0;
				LD_RUNPATH_SEARCH_PATHS = "$(inherited) @executable_path/Frameworks";
				PRODUCT_BUNDLE_IDENTIFIER = "com.omaralejel.Physics-Phun";
				PRODUCT_NAME = "$(TARGET_NAME)";
				SWIFT_VERSION = 3.0;
				TARGETED_DEVICE_FAMILY = 1;
			};
			name = Release;
		};
/* End XCBuildConfiguration section */

/* Begin XCConfigurationList section */
		3DE065DD1CDE6DD200891A66 /* Build configuration list for PBXProject "Physics Phun" */ = {
			isa = XCConfigurationList;
			buildConfigurations = (
				3DE065F41CDE6DD600891A66 /* Debug */,
				3DE065F51CDE6DD600891A66 /* Release */,
			);
			defaultConfigurationIsVisible = 0;
			defaultConfigurationName = Release;
		};
		3DE065F61CDE6DD600891A66 /* Build configuration list for PBXNativeTarget "Physics Phun" */ = {
			isa = XCConfigurationList;
			buildConfigurations = (
				3DE065F71CDE6DD600891A66 /* Debug */,
				3DE065F81CDE6DD600891A66 /* Release */,
			);
			defaultConfigurationIsVisible = 0;
			defaultConfigurationName = Release;
		};
/* End XCConfigurationList section */
	};
	rootObject = 3DE065DA1CDE6DD200891A66 /* Project object */;
}
